
Microsoft Visual Studio Solution File, Format Version 12.00
# Visual Studio Version 16
VisualStudioVersion = 16.0.31313.79
MinimumVisualStudioVersion = 10.0.40219.1
Project("{FAE04EC0-301F-11D3-BF4B-00C04F79EFBC}") = "Pedidos Online", "Pedidos Online\Pedidos Online.csproj", "{76ABBF65-8673-4F9A-8EAB-700F7DDE60EB}"
EndProject
Global
	GlobalSection(SolutionConfigurationPlatforms) = preSolution
		Debug|Any CPU = Debug|Any CPU
		Release|Any CPU = Release|Any CPU
	EndGlobalSection
	GlobalSection(ProjectConfigurationPlatforms) = postSolution
		{76ABBF65-8673-4F9A-8EAB-700F7DDE60EB}.Debug|Any CPU.ActiveCfg = Debug|Any CPU
		{76ABBF65-8673-4F9A-8EAB-700F7DDE60EB}.Debug|Any CPU.Build.0 = Debug|Any CPU
		{76ABBF65-8673-4F9A-8EAB-700F7DDE60EB}.Release|Any CPU.ActiveCfg = Release|Any CPU
		{76ABBF65-8673-4F9A-8EAB-700F7DDE60EB}.Release|Any CPU.Build.0 = Release|Any CPU
	EndGlobalSection
	GlobalSection(SolutionProperties) = preSolution
		HideSolutionNode = FALSE
	EndGlobalSection
	GlobalSection(ExtensibilityGlobals) = postSolution
		SolutionGuid = {5963A5E9-2124-4F5F-A1CF-E6C7A7C27F01}
	EndGlobalSection
EndGlobal
